// !$*UTF8*$!
{
	archiveVersion = 1;
	classes = {
	};
	objectVersion = 77;
	objects = {

/* Begin PBXBuildFile section */
		B067F7C32F914FA000FBD28C /* Evident in Frameworks */ = {isa = PBXBuildFile; productRef = B067F7C22F914FA000FBD28C /* Evident */; };
		B0BE31392F8FCE8600CB211A /* Lucent in Frameworks */ = {isa = PBXBuildFile; productRef = B0BE31382F8FCE8600CB211A /* Lucent */; };
/* End PBXBuildFile section */

/* Begin PBXContainerItemProxy section */
		B0BE30FF2F8FCA8C00CB211A /* PBXContainerItemProxy */ = {
			isa = PBXContainerItemProxy;
			containerPortal = B0BE30E02F8FCA8C00CB211A /* Project object */;
			proxyType = 1;
			remoteGlobalIDString = B0BE30E72F8FCA8C00CB211A;
			remoteInfo = LucentExample;
		};
/* End PBXContainerItemProxy section */

/* Begin PBXFileReference section */
		B0BE30E82F8FCA8C00CB211A /* LucentExample.app */ = {isa = PBXFileReference; explicitFileType = wrapper.application; includeInIndex = 0; path = LucentExample.app; sourceTree = BUILT_PRODUCTS_DIR; };
		B0BE30FE2F8FCA8C00CB211A /* LucentExampleTests.xctest */ = {isa = PBXFileReference; explicitFileType = wrapper.cfbundle; includeInIndex = 0; path = LucentExampleTests.xctest; sourceTree = BUILT_PRODUCTS_DIR; };
/* End PBXFileReference section */

/* Begin PBXFileSystemSynchronizedBuildFileExceptionSet section */
		B0BE31102F8FCA8C00CB211A /* Exceptions for "LucentExample" folder in "LucentExample" target */ = {
			isa = PBXFileSystemSynchronizedBuildFileExceptionSet;
			membershipExceptions = (
				App/Info.plist,
			);
			target = B0BE30E72F8FCA8C00CB211A /* LucentExample */;
		};
/* End PBXFileSystemSynchronizedBuildFileExceptionSet section */

/* Begin PBXFileSystemSynchronizedRootGroup section */
		B0BE30EA2F8FCA8C00CB211A /* LucentExample */ = {
			isa = PBXFileSystemSynchronizedRootGroup;
			exceptions = (
				B0BE31102F8FCA8C00CB211A /* Exceptions for "LucentExample" folder in "LucentExample" target */,
			);
			path = LucentExample;
			sourceTree = "<group>";
		};
		B0BE31012F8FCA8C00CB211A /* LucentExampleTests */ = {
			isa = PBXFileSystemSynchronizedRootGroup;
			path = LucentExampleTests;
			sourceTree = "<group>";
		};
/* End PBXFileSystemSynchronizedRootGroup section */

/* Begin PBXFrameworksBuildPhase section */
		B0BE30E52F8FCA8C00CB211A /* Frameworks */ = {
			isa = PBXFrameworksBuildPhase;
			buildActionMask = 2147483647;
			files = (
				B067F7C32F914FA000FBD28C /* Evident in Frameworks */,
				B0BE31392F8FCE8600CB211A /* Lucent in Frameworks */,
			);
			runOnlyForDeploymentPostprocessing = 0;
		};
		B0BE30FB2F8FCA8C00CB211A /* Frameworks */ = {
			isa = PBXFrameworksBuildPhase;
			buildActionMask = 2147483647;
			files = (
			);
			runOnlyForDeploymentPostprocessing = 0;
		};
/* End PBXFrameworksBuildPhase section */

/* Begin PBXGroup section */
		B0BE30DF2F8FCA8C00CB211A = {
			isa = PBXGroup;
			children = (
				B0BE30EA2F8FCA8C00CB211A /* LucentExample */,
				B0BE31012F8FCA8C00CB211A /* LucentExampleTests */,
				B0BE30E92F8FCA8C00CB211A /* Products */,
			);
			sourceTree = "<group>";
		};
		B0BE30E92F8FCA8C00CB211A /* Products */ = {
			isa = PBXGroup;
			children = (
				B0BE30E82F8FCA8C00CB211A /* LucentExample.app */,
				B0BE30FE2F8FCA8C00CB211A /* LucentExampleTests.xctest */,
			);
			name = Products;
			sourceTree = "<group>";
		};
/* End PBXGroup section */

/* Begin PBXNativeTarget section */
		B0BE30E72F8FCA8C00CB211A /* LucentExample */ = {
			isa = PBXNativeTarget;
			buildConfigurationList = B0BE31112F8FCA8C00CB211A /* Build configuration list for PBXNativeTarget "LucentExample" */;
			buildPhases = (
				B0BE30E42F8FCA8C00CB211A /* Sources */,
				B0BE30E52F8FCA8C00CB211A /* Frameworks */,
				B0BE30E62F8FCA8C00CB211A /* Resources */,
			);
			buildRules = (
			);
			dependencies = (
			);
			fileSystemSynchronizedGroups = (
				B0BE30EA2F8FCA8C00CB211A /* LucentExample */,
			);
			name = LucentExample;
			packageProductDependencies = (
				B0BE31382F8FCE8600CB211A /* Lucent */,
				B067F7C22F914FA000FBD28C /* Evident */,
			);
			productName = LucentExample;
			productReference = B0BE30E82F8FCA8C00CB211A /* LucentExample.app */;
			productType = "com.apple.product-type.application";
		};
		B0BE30FD2F8FCA8C00CB211A /* LucentExampleTests */ = {
			isa = PBXNativeTarget;
			buildConfigurationList = B0BE31162F8FCA8C00CB211A /* Build configuration list for PBXNativeTarget "LucentExampleTests" */;
			buildPhases = (
				B0BE30FA2F8FCA8C00CB211A /* Sources */,
				B0BE30FB2F8FCA8C00CB211A /* Frameworks */,
				B0BE30FC2F8FCA8C00CB211A /* Resources */,
			);
			buildRules = (
			);
			dependencies = (
				B0BE31002F8FCA8C00CB211A /* PBXTargetDependency */,
			);
			fileSystemSynchronizedGroups = (
				B0BE31012F8FCA8C00CB211A /* LucentExampleTests */,
			);
			name = LucentExampleTests;
			packageProductDependencies = (
			);
			productName = LucentExampleTests;
			productReference = B0BE30FE2F8FCA8C00CB211A /* LucentExampleTests.xctest */;
			productType = "com.apple.product-type.bundle.unit-test";
		};
/* End PBXNativeTarget section */

/* Begin PBXProject section */
		B0BE30E02F8FCA8C00CB211A /* Project object */ = {
			isa = PBXProject;
			attributes = {
				BuildIndependentTargetsInParallel = 1;
				LastSwiftUpdateCheck = 2640;
				LastUpgradeCheck = 2640;
				TargetAttributes = {
					B0BE30E72F8FCA8C00CB211A = {
						CreatedOnToolsVersion = 26.4;
					};
					B0BE30FD2F8FCA8C00CB211A = {
						CreatedOnToolsVersion = 26.4;
						TestTargetID = B0BE30E72F8FCA8C00CB211A;
					};
				};
			};
			buildConfigurationList = B0BE30E32F8FCA8C00CB211A /* Build configuration list for PBXProject "LucentExample" */;
			developmentRegion = en;
			hasScannedForEncodings = 0;
			knownRegions = (
				en,
				Base,
			);
			mainGroup = B0BE30DF2F8FCA8C00CB211A;
			minimizedProjectReferenceProxies = 1;
			packageReferences = (
				B0BE31372F8FCE8600CB211A /* XCLocalSwiftPackageReference "../../Lucent" */,
				B067F7C12F914FA000FBD28C /* XCLocalSwiftPackageReference "../../Evident" */,
			);
			preferredProjectObjectVersion = 77;
			productRefGroup = B0BE30E92F8FCA8C00CB211A /* Products */;
			projectDirPath = "";
			projectRoot = "";
			targets = (
				B0BE30E72F8FCA8C00CB211A /* LucentExample */,
				B0BE30FD2F8FCA8C00CB211A /* LucentExampleTests */,
			);
		};
/* End PBXProject section */

/* Begin PBXResourcesBuildPhase section */
		B0BE30E62F8FCA8C00CB211A /* Resources */ = {
			isa = PBXResourcesBuildPhase;
			buildActionMask = 2147483647;
			files = (
			);
			runOnlyForDeploymentPostprocessing = 0;
		};
		B0BE30FC2F8FCA8C00CB211A /* Resources */ = {
			isa = PBXResourcesBuildPhase;
			buildActionMask = 2147483647;
			files = (
			);
			runOnlyForDeploymentPostprocessing = 0;
		};
/* End PBXResourcesBuildPhase section */

/* Begin PBXSourcesBuildPhase section */
		B0BE30E42F8FCA8C00CB211A /* Sources */ = {
			isa = PBXSourcesBuildPhase;
			buildActionMask = 2147483647;
			files = (
			);
			runOnlyForDeploymentPostprocessing = 0;
		};
		B0BE30FA2F8FCA8C00CB211A /* Sources */ = {
			isa = PBXSourcesBuildPhase;
			buildActionMask = 2147483647;
			files = (
			);
			runOnlyForDeploymentPostprocessing = 0;
		};
/* End PBXSourcesBuildPhase section */

/* Begin PBXTargetDependency section */
		B0BE31002F8FCA8C00CB211A /* PBXTargetDependency */ = {
			isa = PBXTargetDependency;
			target = B0BE30E72F8FCA8C00CB211A /* LucentExample */;
			targetProxy = B0BE30FF2F8FCA8C00CB211A /* PBXContainerItemProxy */;
		};
/* End PBXTargetDependency section */

/* Begin XCBuildConfiguration section */
		B0BE31122F8FCA8C00CB211A /* Debug */ = {
			isa = XCBuildConfiguration;
			buildSettings = {
				ASSETCATALOG_COMPILER_APPICON_NAME = AppIcon;
				ASSETCATALOG_COMPILER_GLOBAL_ACCENT_COLOR_NAME = AccentColor;
				CODE_SIGN_STYLE = Automatic;
				CURRENT_PROJECT_VERSION = 1;
				DEVELOPMENT_TEAM = T2A4APU585;
				GENERATE_INFOPLIST_FILE = YES;
				INFOPLIST_FILE = LucentExample/App/Info.plist;
				INFOPLIST_KEY_UIApplicationSupportsIndirectInputEvents = YES;
				INFOPLIST_KEY_UILaunchStoryboardName = LaunchScreen;
				INFOPLIST_KEY_UISupportedInterfaceOrientations_iPad = "UIInterfaceOrientationPortrait UIInterfaceOrientationPortraitUpsideDown UIInterfaceOrientationLandscapeLeft UIInterfaceOrientationLandscapeRight";
				INFOPLIST_KEY_UISupportedInterfaceOrientations_iPhone = "UIInterfaceOrientationPortrait UIInterfaceOrientationLandscapeLeft UIInterfaceOrientationLandscapeRight";
				IPHONEOS_DEPLOYMENT_TARGET = 17.0;
				LD_RUNPATH_SEARCH_PATHS = (
					"$(inherited)",
					"@executable_path/Frameworks",
				);
				MARKETING_VERSION = 1.0;
				PRODUCT_BUNDLE_IDENTIFIER = "com.g-mark.LucentExample";
				PRODUCT_NAME = "$(TARGET_NAME)";
				STRING_CATALOG_GENERATE_SYMBOLS = YES;
				SWIFT_APPROACHABLE_CONCURRENCY = YES;
				SWIFT_DEFAULT_ACTOR_ISOLATION = MainActor;
				SWIFT_EMIT_LOC_STRINGS = YES;
				SWIFT_UPCOMING_FEATURE_MEMBER_IMPORT_VISIBILITY = YES;
				SWIFT_VERSION = 5.0;
				TARGETED_DEVICE_FAMILY = "1,2";
			};
			name = Debug;
		};
		B0BE31132F8FCA8C00CB211A /* Release */ = {
			isa = XCBuildConfiguration;
			buildSettings = {
				ASSETCATALOG_COMPILER_APPICON_NAME = AppIcon;
				ASSETCATALOG_COMPILER_GLOBAL_ACCENT_COLOR_NAME = AccentColor;
				CODE_SIGN_STYLE = Automatic;
				CURRENT_PROJECT_VERSION = 1;
				DEVELOPMENT_TEAM = T2A4APU585;
				GENERATE_INFOPLIST_FILE = YES;
				INFOPLIST_FILE = LucentExample/App/Info.plist;
				INFOPLIST_KEY_UIApplicationSupportsIndirectInputEvents = YES;
				INFOPLIST_KEY_UILaunchStoryboardName = LaunchScreen;
				INFOPLIST_KEY_UISupportedInterfaceOrientations_iPad = "UIInterfaceOrientationPortrait UIInterfaceOrientationPortraitUpsideDown UIInterfaceOrientationLandscapeLeft UIInterfaceOrientationLandscapeRight";
				INFOPLIST_KEY_UISupportedInterfaceOrientations_iPhone = "UIInterfaceOrientationPortrait UIInterfaceOrientationLandscapeLeft UIInterfaceOrientationLandscapeRight";
				IPHONEOS_DEPLOYMENT_TARGET = 17.0;
				LD_RUNPATH_SEARCH_PATHS = (
					"$(inherited)",
					"@executable_path/Frameworks",
				);
				MARKETING_VERSION = 1.0;
				PRODUCT_BUNDLE_IDENTIFIER = "com.g-mark.LucentExample";
				PRODUCT_NAME = "$(TARGET_NAME)";
				STRING_CATALOG_GENERATE_SYMBOLS = YES;
				SWIFT_APPROACHABLE_CONCURRENCY = YES;
				SWIFT_DEFAULT_ACTOR_ISOLATION = MainActor;
				SWIFT_EMIT_LOC_STRINGS = YES;
				SWIFT_UPCOMING_FEATURE_MEMBER_IMPORT_VISIBILITY = YES;
				SWIFT_VERSION = 5.0;
				TARGETED_DEVICE_FAMILY = "1,2";
			};
			name = Release;
		};
		B0BE31142F8FCA8C00CB211A /* Debug */ = {
			isa = XCBuildConfiguration;
			buildSettings = {
				ALWAYS_SEARCH_USER_PATHS = NO;
				ASSETCATALOG_COMPILER_GENERATE_SWIFT_ASSET_SYMBOL_EXTENSIONS = YES;
				CLANG_ANALYZER_NONNULL = YES;
				CLANG_ANALYZER_NUMBER_OBJECT_CONVERSION = YES_AGGRESSIVE;
				CLANG_CXX_LANGUAGE_STANDARD = "gnu++20";
				CLANG_ENABLE_MODULES = YES;
				CLANG_ENABLE_OBJC_ARC = YES;
				CLANG_ENABLE_OBJC_WEAK = YES;
				CLANG_WARN_BLOCK_CAPTURE_AUTORELEASING = YES;
				CLANG_WARN_BOOL_CONVERSION = YES;
				CLANG_WARN_COMMA = YES;
				CLANG_WARN_CONSTANT_CONVERSION = YES;
				CLANG_WARN_DEPRECATED_OBJC_IMPLEMENTATIONS = YES;
				CLANG_WARN_DIRECT_OBJC_ISA_USAGE = YES_ERROR;
				CLANG_WARN_DOCUMENTATION_COMMENTS = YES;
				CLANG_WARN_EMPTY_BODY = YES;
				CLANG_WARN_ENUM_CONVERSION = YES;
				CLANG_WARN_INFINITE_RECURSION = YES;
				CLANG_WARN_INT_CONVERSION = YES;
				CLANG_WARN_NON_LITERAL_NULL_CONVERSION = YES;
				CLANG_WARN_OBJC_IMPLICIT_RETAIN_SELF = YES;
				CLANG_WARN_OBJC_LITERAL_CONVERSION = YES;
				CLANG_WARN_OBJC_ROOT_CLASS = YES_ERROR;
				CLANG_WARN_QUOTED_INCLUDE_IN_FRAMEWORK_HEADER = YES;
				CLANG_WARN_RANGE_LOOP_ANALYSIS = YES;
				CLANG_WARN_STRICT_PROTOTYPES = YES;
				CLANG_WARN_SUSPICIOUS_MOVE = YES;
				CLANG_WARN_UNGUARDED_AVAILABILITY = YES_AGGRESSIVE;
				CLANG_WARN_UNREACHABLE_CODE = YES;
				CLANG_WARN__DUPLICATE_METHOD_MATCH = YES;
				COPY_PHASE_STRIP = NO;
				DEBUG_INFORMATION_FORMAT = dwarf;
				DEVELOPMENT_TEAM = T2A4APU585;
				ENABLE_STRICT_OBJC_MSGSEND = YES;
				ENABLE_TESTABILITY = YES;
				ENABLE_USER_SCRIPT_SANDBOXING = YES;
				GCC_C_LANGUAGE_STANDARD = gnu17;
				GCC_DYNAMIC_NO_PIC = NO;
				GCC_NO_COMMON_BLOCKS = YES;
				GCC_OPTIMIZATION_LEVEL = 0;
				GCC_PREPROCESSOR_DEFINITIONS = (
					"DEBUG=1",
					"$(inherited)",
				);
				GCC_WARN_64_TO_32_BIT_CONVERSION = YES;
				GCC_WARN_ABOUT_RETURN_TYPE = YES_ERROR;
				GCC_WARN_UNDECLARED_SELECTOR = YES;
				GCC_WARN_UNINITIALIZED_AUTOS = YES_AGGRESSIVE;
				GCC_WARN_UNUSED_FUNCTION = YES;
				GCC_WARN_UNUSED_VARIABLE = YES;
				IPHONEOS_DEPLOYMENT_TARGET = 26.4;
				LOCALIZATION_PREFERS_STRING_CATALOGS = YES;
				MTL_ENABLE_DEBUG_INFO = INCLUDE_SOURCE;
				MTL_FAST_MATH = YES;
				ONLY_ACTIVE_ARCH = YES;
				SDKROOT = iphoneos;
				SWIFT_ACTIVE_COMPILATION_CONDITIONS = "DEBUG $(inherited)";
				SWIFT_OPTIMIZATION_LEVEL = "-Onone";
			};
			name = Debug;
		};
		B0BE31152F8FCA8C00CB211A /* Release */ = {
			isa = XCBuildConfiguration;
			buildSettings = {
				ALWAYS_SEARCH_USER_PATHS = NO;
				ASSETCATALOG_COMPILER_GENERATE_SWIFT_ASSET_SYMBOL_EXTENSIONS = YES;
				CLANG_ANALYZER_NONNULL = YES;
				CLANG_ANALYZER_NUMBER_OBJECT_CONVERSION = YES_AGGRESSIVE;
				CLANG_CXX_LANGUAGE_STANDARD = "gnu++20";
				CLANG_ENABLE_MODULES = YES;
				CLANG_ENABLE_OBJC_ARC = YES;
				CLANG_ENABLE_OBJC_WEAK = YES;
				CLANG_WARN_BLOCK_CAPTURE_AUTORELEASING = YES;
				CLANG_WARN_BOOL_CONVERSION = YES;
				CLANG_WARN_COMMA = YES;
				CLANG_WARN_CONSTANT_CONVERSION = YES;
				CLANG_WARN_DEPRECATED_OBJC_IMPLEMENTATIONS = YES;
				CLANG_WARN_DIRECT_OBJC_ISA_USAGE = YES_ERROR;
				CLANG_WARN_DOCUMENTATION_COMMENTS = YES;
				CLANG_WARN_EMPTY_BODY = YES;
				CLANG_WARN_ENUM_CONVERSION = YES;
				CLANG_WARN_INFINITE_RECURSION = YES;
				CLANG_WARN_INT_CONVERSION = YES;
				CLANG_WARN_NON_LITERAL_NULL_CONVERSION = YES;
				CLANG_WARN_OBJC_IMPLICIT_RETAIN_SELF = YES;
				CLANG_WARN_OBJC_LITERAL_CONVERSION = YES;
				CLANG_WARN_OBJC_ROOT_CLASS = YES_ERROR;
				CLANG_WARN_QUOTED_INCLUDE_IN_FRAMEWORK_HEADER = YES;
				CLANG_WARN_RANGE_LOOP_ANALYSIS = YES;
				CLANG_WARN_STRICT_PROTOTYPES = YES;
				CLANG_WARN_SUSPICIOUS_MOVE = YES;
				CLANG_WARN_UNGUARDED_AVAILABILITY = YES_AGGRESSIVE;
				CLANG_WARN_UNREACHABLE_CODE = YES;
				CLANG_WARN__DUPLICATE_METHOD_MATCH = YES;
				COPY_PHASE_STRIP = NO;
				DEBUG_INFORMATION_FORMAT = "dwarf-with-dsym";
				DEVELOPMENT_TEAM = T2A4APU585;
				ENABLE_NS_ASSERTIONS = NO;
				ENABLE_STRICT_OBJC_MSGSEND = YES;
				ENABLE_USER_SCRIPT_SANDBOXING = YES;
				GCC_C_LANGUAGE_STANDARD = gnu17;
				GCC_NO_COMMON_BLOCKS = YES;
				GCC_WARN_64_TO_32_BIT_CONVERSION = YES;
				GCC_WARN_ABOUT_RETURN_TYPE = YES_ERROR;
				GCC_WARN_UNDECLARED_SELECTOR = YES;
				GCC_WARN_UNINITIALIZED_AUTOS = YES_AGGRESSIVE;
				GCC_WARN_UNUSED_FUNCTION = YES;
				GCC_WARN_UNUSED_VARIABLE = YES;
				IPHONEOS_DEPLOYMENT_TARGET = 26.4;
				LOCALIZATION_PREFERS_STRING_CATALOGS = YES;
				MTL_ENABLE_DEBUG_INFO = NO;
				MTL_FAST_MATH = YES;
				SDKROOT = iphoneos;
				SWIFT_COMPILATION_MODE = wholemodule;
				VALIDATE_PRODUCT = YES;
			};
			name = Release;
		};
		B0BE31172F8FCA8C00CB211A /* Debug */ = {
			isa = XCBuildConfiguration;
			buildSettings = {
				BUNDLE_LOADER = "$(TEST_HOST)";
				CODE_SIGN_STYLE = Automatic;
				CURRENT_PROJECT_VERSION = 1;
				DEVELOPMENT_TEAM = T2A4APU585;
				GENERATE_INFOPLIST_FILE = YES;
				IPHONEOS_DEPLOYMENT_TARGET = 17.0;
				MARKETING_VERSION = 1.0;
				PRODUCT_BUNDLE_IDENTIFIER = "com.g-mark.LucentExampleTests";
				PRODUCT_NAME = "$(TARGET_NAME)";
				STRING_CATALOG_GENERATE_SYMBOLS = NO;
				SWIFT_APPROACHABLE_CONCURRENCY = YES;
				SWIFT_EMIT_LOC_STRINGS = NO;
				SWIFT_UPCOMING_FEATURE_MEMBER_IMPORT_VISIBILITY = YES;
				SWIFT_VERSION = 5.0;
				TARGETED_DEVICE_FAMILY = "1,2";
				TEST_HOST = "$(BUILT_PRODUCTS_DIR)/LucentExample.app/$(BUNDLE_EXECUTABLE_FOLDER_PATH)/LucentExample";
			};
			name = Debug;
		};
		B0BE31182F8FCA8C00CB211A /* Release */ = {
			isa = XCBuildConfiguration;
			buildSettings = {
				BUNDLE_LOADER = "$(TEST_HOST)";
				CODE_SIGN_STYLE = Automatic;
				CURRENT_PROJECT_VERSION = 1;
				DEVELOPMENT_TEAM = T2A4APU585;
				GENERATE_INFOPLIST_FILE = YES;
				IPHONEOS_DEPLOYMENT_TARGET = 17.0;
				MARKETING_VERSION = 1.0;
				PRODUCT_BUNDLE_IDENTIFIER = "com.g-mark.LucentExampleTests";
				PRODUCT_NAME = "$(TARGET_NAME)";
				STRING_CATALOG_GENERATE_SYMBOLS = NO;
				SWIFT_APPROACHABLE_CONCURRENCY = YES;
				SWIFT_EMIT_LOC_STRINGS = NO;
				SWIFT_UPCOMING_FEATURE_MEMBER_IMPORT_VISIBILITY = YES;
				SWIFT_VERSION = 5.0;
				TARGETED_DEVICE_FAMILY = "1,2";
				TEST_HOST = "$(BUILT_PRODUCTS_DIR)/LucentExample.app/$(BUNDLE_EXECUTABLE_FOLDER_PATH)/LucentExample";
			};
			name = Release;
		};
/* End XCBuildConfiguration section */

/* Begin XCConfigurationList section */
		B0BE30E32F8FCA8C00CB211A /* Build configuration list for PBXProject "LucentExample" */ = {
			isa = XCConfigurationList;
			buildConfigurations = (
				B0BE31142F8FCA8C00CB211A /* Debug */,
				B0BE31152F8FCA8C00CB211A /* Release */,
			);
			defaultConfigurationIsVisible = 0;
			defaultConfigurationName = Release;
		};
		B0BE31112F8FCA8C00CB211A /* Build configuration list for PBXNativeTarget "LucentExample" */ = {
			isa = XCConfigurationList;
			buildConfigurations = (
				B0BE31122F8FCA8C00CB211A /* Debug */,
				B0BE31132F8FCA8C00CB211A /* Release */,
			);
			defaultConfigurationIsVisible = 0;
			defaultConfigurationName = Release;
		};
		B0BE31162F8FCA8C00CB211A /* Build configuration list for PBXNativeTarget "LucentExampleTests" */ = {
			isa = XCConfigurationList;
			buildConfigurations = (
				B0BE31172F8FCA8C00CB211A /* Debug */,
				B0BE31182F8FCA8C00CB211A /* Release */,
			);
			defaultConfigurationIsVisible = 0;
			defaultConfigurationName = Release;
		};
/* End XCConfigurationList section */

/* Begin XCLocalSwiftPackageReference section */
		B067F7C12F914FA000FBD28C /* XCLocalSwiftPackageReference "../../Evident" */ = {
			isa = XCLocalSwiftPackageReference;
			relativePath = ../../Evident;
		};
		B0BE31372F8FCE8600CB211A /* XCLocalSwiftPackageReference "../../Lucent" */ = {
			isa = XCLocalSwiftPackageReference;
			relativePath = ../../Lucent;
		};
/* End XCLocalSwiftPackageReference section */

/* Begin XCSwiftPackageProductDependency section */
		B067F7C22F914FA000FBD28C /* Evident */ = {
			isa = XCSwiftPackageProductDependency;
			productName = Evident;
		};
		B0BE31382F8FCE8600CB211A /* Lucent */ = {
			isa = XCSwiftPackageProductDependency;
			productName = Lucent;
		};
/* End XCSwiftPackageProductDependency section */
	};
	rootObject = B0BE30E02F8FCA8C00CB211A /* Project object */;
}
